version = 1
revision = 2
requires-python = ">=3.12"

[[package]]
name = "click"
version = "8.2.1"
source = { registry = "https://pypi.org/simple" }
dependencies = [
    { name = "colorama", marker = "sys_platform == 'win32'" },
]
sdist = { url = "https://files.pythonhosted.org/packages/60/6c/8ca2efa64cf75a977a0d7fac081354553ebe483345c734fb6b6515d96bbc/click-8.2.1.tar.gz", hash = "sha256:27c491cc05d968d271d5a1db13e3b5a184636d9d930f148c50b038f0d0646202", size = 286342, upload-time = "2025-05-20T23:19:49.832Z" }
wheels = [
    { url = "https://files.pythonhosted.org/packages/85/32/10bb5764d90a8eee674e9dc6f4db6a0ab47c8c4d0d83c27f7c39ac415a4d/click-8.2.1-py3-none-any.whl", hash = "sha256:61a3265b914e850b85317d0b3109c7f8cd35a670f963866005d6ef1d5175a12b", size = 102215, upload-time = "2025-05-20T23:19:47.796Z" },
]

[[package]]
name = "colorama"
version = "0.4.6"
source = { registry = "https://pypi.org/simple" }
sdist = { url = "https://files.pythonhosted.org/packages/d8/53/6f443c9a4a8358a93a6792e2acffb9d9d5cb0a5cfd8802644b7b1c9a02e4/colorama-0.4.6.tar.gz", hash = "sha256:08695f5cb7ed6e0531a20572697297273c47b8cae5a63ffc6d6ed5c201be6e44", size = 27697, upload-time = "2022-10-25T02:36:22.414Z" }
wheels = [
    { url = "https://files.pythonhosted.org/packages/d1/d6/3965ed04c63042e047cb6a3e6ed1a63a35087b6a609aa3a15ed8ac56c221/colorama-0.4.6-py2.py3-none-any.whl", hash = "sha256:4f1d9991f5acc0ca119f9d443620b77f9d6b33703e51011c16baf57afb285fc6", size = 25335, upload-time = "2022-10-25T02:36:20.889Z" },
]

[[package]]
name = "numpy"
version = "2.2.6"
source = { registry = "https://pypi.org/simple" }
sdist = { url = "https://files.pythonhosted.org/packages/76/21/7d2a95e4bba9dc13d043ee156a356c0a8f0c6309dff6b21b4d71a073b8a8/numpy-2.2.6.tar.gz", hash = "sha256:e29554e2bef54a90aa5cc07da6ce955accb83f21ab5de01a62c8478897b264fd", size = 20276440, upload-time = "2025-05-17T22:38:04.611Z" }
wheels = [
    { url = "https://files.pythonhosted.org/packages/82/5d/c00588b6cf18e1da539b45d3598d3557084990dcc4331960c15ee776ee41/numpy-2.2.6-cp312-cp312-macosx_10_13_x86_64.whl", hash = "sha256:41c5a21f4a04fa86436124d388f6ed60a9343a6f767fced1a8a71c3fbca038ff", size = 20875348, upload-time = "2025-05-17T21:34:39.648Z" },
    { url = "https://files.pythonhosted.org/packages/66/ee/560deadcdde6c2f90200450d5938f63a34b37e27ebff162810f716f6a230/numpy-2.2.6-cp312-cp312-macosx_11_0_arm64.whl", hash = "sha256:de749064336d37e340f640b05f24e9e3dd678c57318c7289d222a8a2f543e90c", size = 14119362, upload-time = "2025-05-17T21:35:01.241Z" },
    { url = "https://files.pythonhosted.org/packages/3c/65/4baa99f1c53b30adf0acd9a5519078871ddde8d2339dc5a7fde80d9d87da/numpy-2.2.6-cp312-cp312-macosx_14_0_arm64.whl", hash = "sha256:894b3a42502226a1cac872f840030665f33326fc3dac8e57c607905773cdcde3", size = 5084103, upload-time = "2025-05-17T21:35:10.622Z" },
    { url = "https://files.pythonhosted.org/packages/cc/89/e5a34c071a0570cc40c9a54eb472d113eea6d002e9ae12bb3a8407fb912e/numpy-2.2.6-cp312-cp312-macosx_14_0_x86_64.whl", hash = "sha256:71594f7c51a18e728451bb50cc60a3ce4e6538822731b2933209a1f3614e9282", size = 6625382, upload-time = "2025-05-17T21:35:21.414Z" },
    { url = "https://files.pythonhosted.org/packages/f8/35/8c80729f1ff76b3921d5c9487c7ac3de9b2a103b1cd05e905b3090513510/numpy-2.2.6-cp312-cp312-manylinux_2_17_aarch64.manylinux2014_aarch64.whl", hash = "sha256:f2618db89be1b4e05f7a1a847a9c1c0abd63e63a1607d892dd54668dd92faf87", size = 14018462, upload-time = "2025-05-17T21:35:42.174Z" },
    { url = "https://files.pythonhosted.org/packages/8c/3d/1e1db36cfd41f895d266b103df00ca5b3cbe965184df824dec5c08c6b803/numpy-2.2.6-cp312-cp312-manylinux_2_17_x86_64.manylinux2014_x86_64.whl", hash = "sha256:fd83c01228a688733f1ded5201c678f0c53ecc1006ffbc404db9f7a899ac6249", size = 16527618, upload-time = "2025-05-17T21:36:06.711Z" },
    { url = "https://files.pythonhosted.org/packages/61/c6/03ed30992602c85aa3cd95b9070a514f8b3c33e31124694438d88809ae36/numpy-2.2.6-cp312-cp312-musllinux_1_2_aarch64.whl", hash = "sha256:37c0ca431f82cd5fa716eca9506aefcabc247fb27ba69c5062a6d3ade8cf8f49", size = 15505511, upload-time = "2025-05-17T21:36:29.965Z" },
    { url = "https://files.pythonhosted.org/packages/b7/25/5761d832a81df431e260719ec45de696414266613c9ee268394dd5ad8236/numpy-2.2.6-cp312-cp312-musllinux_1_2_x86_64.whl", hash = "sha256:fe27749d33bb772c80dcd84ae7e8df2adc920ae8297400dabec45f0dedb3f6de", size = 18313783, upload-time = "2025-05-17T21:36:56.883Z" },
    { url = "https://files.pythonhosted.org/packages/57/0a/72d5a3527c5ebffcd47bde9162c39fae1f90138c961e5296491ce778e682/numpy-2.2.6-cp312-cp312-win32.whl", hash = "sha256:4eeaae00d789f66c7a25ac5f34b71a7035bb474e679f410e5e1a94deb24cf2d4", size = 6246506, upload-time = "2025-05-17T21:37:07.368Z" },
    { url = "https://files.pythonhosted.org/packages/36/fa/8c9210162ca1b88529ab76b41ba02d433fd54fecaf6feb70ef9f124683f1/numpy-2.2.6-cp312-cp312-win_amd64.whl", hash = "sha256:c1f9540be57940698ed329904db803cf7a402f3fc200bfe599334c9bd84a40b2", size = 12614190, upload-time = "2025-05-17T21:37:26.213Z" },
    { url = "https://files.pythonhosted.org/packages/f9/5c/6657823f4f594f72b5471f1db1ab12e26e890bb2e41897522d134d2a3e81/numpy-2.2.6-cp313-cp313-macosx_10_13_x86_64.whl", hash = "sha256:0811bb762109d9708cca4d0b13c4f67146e3c3b7cf8d34018c722adb2d957c84", size = 20867828, upload-time = "2025-05-17T21:37:56.699Z" },
    { url = "https://files.pythonhosted.org/packages/dc/9e/14520dc3dadf3c803473bd07e9b2bd1b69bc583cb2497b47000fed2fa92f/numpy-2.2.6-cp313-cp313-macosx_11_0_arm64.whl", hash = "sha256:287cc3162b6f01463ccd86be154f284d0893d2b3ed7292439ea97eafa8170e0b", size = 14143006, upload-time = "2025-05-17T21:38:18.291Z" },
    { url = "https://files.pythonhosted.org/packages/4f/06/7e96c57d90bebdce9918412087fc22ca9851cceaf5567a45c1f404480e9e/numpy-2.2.6-cp313-cp313-macosx_14_0_arm64.whl", hash = "sha256:f1372f041402e37e5e633e586f62aa53de2eac8d98cbfb822806ce4bbefcb74d", size = 5076765, upload-time = "2025-05-17T21:38:27.319Z" },
    { url = "https://files.pythonhosted.org/packages/73/ed/63d920c23b4289fdac96ddbdd6132e9427790977d5457cd132f18e76eae0/numpy-2.2.6-cp313-cp313-macosx_14_0_x86_64.whl", hash = "sha256:55a4d33fa519660d69614a9fad433be87e5252f4b03850642f88993f7b2ca566", size = 6617736, upload-time = "2025-05-17T21:38:38.141Z" },
    { url = "https://files.pythonhosted.org/packages/85/c5/e19c8f99d83fd377ec8c7e0cf627a8049746da54afc24ef0a0cb73d5dfb5/numpy-2.2.6-cp313-cp313-manylinux_2_17_aarch64.manylinux2014_aarch64.whl", hash = "sha256:f92729c95468a2f4f15e9bb94c432a9229d0d50de67304399627a943201baa2f", size = 14010719, upload-time = "2025-05-17T21:38:58.433Z" },
    { url = "https://files.pythonhosted.org/packages/19/49/4df9123aafa7b539317bf6d342cb6d227e49f7a35b99c287a6109b13dd93/numpy-2.2.6-cp313-cp313-manylinux_2_17_x86_64.manylinux2014_x86_64.whl", hash = "sha256:1bc23a79bfabc5d056d106f9befb8d50c31ced2fbc70eedb8155aec74a45798f", size = 16526072, upload-time = "2025-05-17T21:39:22.638Z" },
    { url = "https://files.pythonhosted.org/packages/b2/6c/04b5f47f4f32f7c2b0e7260442a8cbcf8168b0e1a41ff1495da42f42a14f/numpy-2.2.6-cp313-cp313-musllinux_1_2_aarch64.whl", hash = "sha256:e3143e4451880bed956e706a3220b4e5cf6172ef05fcc397f6f36a550b1dd868", size = 15503213, upload-time = "2025-05-17T21:39:45.865Z" },
    { url = "https://files.pythonhosted.org/packages/17/0a/5cd92e352c1307640d5b6fec1b2ffb06cd0dabe7d7b8227f97933d378422/numpy-2.2.6-cp313-cp313-musllinux_1_2_x86_64.whl", hash = "sha256:b4f13750ce79751586ae2eb824ba7e1e8dba64784086c98cdbbcc6a42112ce0d", size = 18316632, upload-time = "2025-05-17T21:40:13.331Z" },
    { url = "https://files.pythonhosted.org/packages/f0/3b/5cba2b1d88760ef86596ad0f3d484b1cbff7c115ae2429678465057c5155/numpy-2.2.6-cp313-cp313-win32.whl", hash = "sha256:5beb72339d9d4fa36522fc63802f469b13cdbe4fdab4a288f0c441b74272ebfd", size = 6244532, upload-time = "2025-05-17T21:43:46.099Z" },
    { url = "https://files.pythonhosted.org/packages/cb/3b/d58c12eafcb298d4e6d0d40216866ab15f59e55d148a5658bb3132311fcf/numpy-2.2.6-cp313-cp313-win_amd64.whl", hash = "sha256:b0544343a702fa80c95ad5d3d608ea3599dd54d4632df855e4c8d24eb6ecfa1c", size = 12610885, upload-time = "2025-05-17T21:44:05.145Z" },
    { url = "https://files.pythonhosted.org/packages/6b/9e/4bf918b818e516322db999ac25d00c75788ddfd2d2ade4fa66f1f38097e1/numpy-2.2.6-cp313-cp313t-macosx_10_13_x86_64.whl", hash = "sha256:0bca768cd85ae743b2affdc762d617eddf3bcf8724435498a1e80132d04879e6", size = 20963467, upload-time = "2025-05-17T21:40:44Z" },
    { url = "https://files.pythonhosted.org/packages/61/66/d2de6b291507517ff2e438e13ff7b1e2cdbdb7cb40b3ed475377aece69f9/numpy-2.2.6-cp313-cp313t-macosx_11_0_arm64.whl", hash = "sha256:fc0c5673685c508a142ca65209b4e79ed6740a4ed6b2267dbba90f34b0b3cfda", size = 14225144, upload-time = "2025-05-17T21:41:05.695Z" },
    { url = "https://files.pythonhosted.org/packages/e4/25/480387655407ead912e28ba3a820bc69af9adf13bcbe40b299d454ec011f/numpy-2.2.6-cp313-cp313t-macosx_14_0_arm64.whl", hash = "sha256:5bd4fc3ac8926b3819797a7c0e2631eb889b4118a9898c84f585a54d475b7e40", size = 5200217, upload-time = "2025-05-17T21:41:15.903Z" },
    { url = "https://files.pythonhosted.org/packages/aa/4a/6e313b5108f53dcbf3aca0c0f3e9c92f4c10ce57a0a721851f9785872895/numpy-2.2.6-cp313-cp313t-macosx_14_0_x86_64.whl", hash = "sha256:fee4236c876c4e8369388054d02d0e9bb84821feb1a64dd59e137e6511a551f8", size = 6712014, upload-time = "2025-05-17T21:41:27.321Z" },
    { url = "https://files.pythonhosted.org/packages/b7/30/172c2d5c4be71fdf476e9de553443cf8e25feddbe185e0bd88b096915bcc/numpy-2.2.6-cp313-cp313t-manylinux_2_17_aarch64.manylinux2014_aarch64.whl", hash = "sha256:e1dda9c7e08dc141e0247a5b8f49cf05984955246a327d4c48bda16821947b2f", size = 14077935, upload-time = "2025-05-17T21:41:49.738Z" },
    { url = "https://files.pythonhosted.org/packages/12/fb/9e743f8d4e4d3c710902cf87af3512082ae3d43b945d5d16563f26ec251d/numpy-2.2.6-cp313-cp313t-manylinux_2_17_x86_64.manylinux2014_x86_64.whl", hash = "sha256:f447e6acb680fd307f40d3da4852208af94afdfab89cf850986c3ca00562f4fa", size = 16600122, upload-time = "2025-05-17T21:42:14.046Z" },
    { url = "https://files.pythonhosted.org/packages/12/75/ee20da0e58d3a66f204f38916757e01e33a9737d0b22373b3eb5a27358f9/numpy-2.2.6-cp313-cp313t-musllinux_1_2_aarch64.whl", hash = "sha256:389d771b1623ec92636b0786bc4ae56abafad4a4c513d36a55dce14bd9ce8571", size = 15586143, upload-time = "2025-05-17T21:42:37.464Z" },
    { url = "https://files.pythonhosted.org/packages/76/95/bef5b37f29fc5e739947e9ce5179ad402875633308504a52d188302319c8/numpy-2.2.6-cp313-cp313t-musllinux_1_2_x86_64.whl", hash = "sha256:8e9ace4a37db23421249ed236fdcdd457d671e25146786dfc96835cd951aa7c1", size = 18385260, upload-time = "2025-05-17T21:43:05.189Z" },
    { url = "https://files.pythonhosted.org/packages/09/04/f2f83279d287407cf36a7a8053a5abe7be3622a4363337338f2585e4afda/numpy-2.2.6-cp313-cp313t-win32.whl", hash = "sha256:038613e9fb8c72b0a41f025a7e4c3f0b7a1b5d768ece4796b674c8f3fe13efff", size = 6377225, upload-time = "2025-05-17T21:43:16.254Z" },
    { url = "https://files.pythonhosted.org/packages/67/0e/35082d13c09c02c011cf21570543d202ad929d961c02a147493cb0c2bdf5/numpy-2.2.6-cp313-cp313t-win_amd64.whl", hash = "sha256:6031dd6dfecc0cf9f668681a37648373bddd6421fff6c66ec1624eed0180ee06", size = 12771374, upload-time = "2025-05-17T21:43:35.479Z" },
]

[[package]]
name = "pdal"
version = "3.4.5"
source = { registry = "https://pypi.org/simple" }
dependencies = [
    { name = "numpy" },
]
sdist = { url = "https://files.pythonhosted.org/packages/44/fa/4afb0feda08a677c4ad46827b85c064fa10b3466a644016007b5931cf971/pdal-3.4.5.tar.gz", hash = "sha256:6e42ec8c368a9d1c14abf0eff13a5b9d28b6de08ef7c2ca2b4900a15186d46f4", size = 89528, upload-time = "2024-06-18T15:07:54.379Z" }

[[package]]
name = "pre-process"
version = "0.1.0"
source = { virtual = "." }
dependencies = [
    { name = "click" },
    { name = "pdal" },
    { name = "shapely" },
]

[package.metadata]
requires-dist = [
    { name = "click", specifier = ">=8.2.1" },
    { name = "pdal", specifier = ">=3.4.5" },
    { name = "shapely", specifier = ">=2.1.1" },
]

[[package]]
name = "shapely"
version = "2.1.1"
source = { registry = "https://pypi.org/simple" }
dependencies = [
    { name = "numpy" },
]
sdist = { url = "https://files.pythonhosted.org/packages/ca/3c/2da625233f4e605155926566c0e7ea8dda361877f48e8b1655e53456f252/shapely-2.1.1.tar.gz", hash = "sha256:500621967f2ffe9642454808009044c21e5b35db89ce69f8a2042c2ffd0e2772", size = 315422, upload-time = "2025-05-19T11:04:41.265Z" }
wheels = [
    { url = "https://files.pythonhosted.org/packages/fb/64/9544dc07dfe80a2d489060791300827c941c451e2910f7364b19607ea352/shapely-2.1.1-cp312-cp312-macosx_10_13_x86_64.whl", hash = "sha256:2827365b58bf98efb60affc94a8e01c56dd1995a80aabe4b701465d86dcbba43", size = 1833021, upload-time = "2025-05-19T11:04:08.022Z" },
    { url = "https://files.pythonhosted.org/packages/07/aa/fb5f545e72e89b6a0f04a0effda144f5be956c9c312c7d4e00dfddbddbcf/shapely-2.1.1-cp312-cp312-macosx_11_0_arm64.whl", hash = "sha256:a9c551f7fa7f1e917af2347fe983f21f212863f1d04f08eece01e9c275903fad", size = 1643018, upload-time = "2025-05-19T11:04:09.343Z" },
    { url = "https://files.pythonhosted.org/packages/03/46/61e03edba81de729f09d880ce7ae5c1af873a0814206bbfb4402ab5c3388/shapely-2.1.1-cp312-cp312-manylinux_2_17_aarch64.manylinux2014_aarch64.whl", hash = "sha256:78dec4d4fbe7b1db8dc36de3031767e7ece5911fb7782bc9e95c5cdec58fb1e9", size = 2986417, upload-time = "2025-05-19T11:04:10.56Z" },
    { url = "https://files.pythonhosted.org/packages/1f/1e/83ec268ab8254a446b4178b45616ab5822d7b9d2b7eb6e27cf0b82f45601/shapely-2.1.1-cp312-cp312-manylinux_2_17_x86_64.manylinux2014_x86_64.whl", hash = "sha256:872d3c0a7b8b37da0e23d80496ec5973c4692920b90de9f502b5beb994bbaaef", size = 3098224, upload-time = "2025-05-19T11:04:11.903Z" },
    { url = "https://files.pythonhosted.org/packages/f1/44/0c21e7717c243e067c9ef8fa9126de24239f8345a5bba9280f7bb9935959/shapely-2.1.1-cp312-cp312-musllinux_1_2_aarch64.whl", hash = "sha256:2e2b9125ebfbc28ecf5353511de62f75a8515ae9470521c9a693e4bb9fbe0cf1", size = 3925982, upload-time = "2025-05-19T11:04:13.224Z" },
    { url = "https://files.pythonhosted.org/packages/15/50/d3b4e15fefc103a0eb13d83bad5f65cd6e07a5d8b2ae920e767932a247d1/shapely-2.1.1-cp312-cp312-musllinux_1_2_x86_64.whl", hash = "sha256:4b96cea171b3d7f6786976a0520f178c42792897653ecca0c5422fb1e6946e6d", size = 4089122, upload-time = "2025-05-19T11:04:14.477Z" },
    { url = "https://files.pythonhosted.org/packages/bd/05/9a68f27fc6110baeedeeebc14fd86e73fa38738c5b741302408fb6355577/shapely-2.1.1-cp312-cp312-win32.whl", hash = "sha256:39dca52201e02996df02e447f729da97cfb6ff41a03cb50f5547f19d02905af8", size = 1522437, upload-time = "2025-05-19T11:04:16.203Z" },
    { url = "https://files.pythonhosted.org/packages/bc/e9/a4560e12b9338842a1f82c9016d2543eaa084fce30a1ca11991143086b57/shapely-2.1.1-cp312-cp312-win_amd64.whl", hash = "sha256:13d643256f81d55a50013eff6321142781cf777eb6a9e207c2c9e6315ba6044a", size = 1703479, upload-time = "2025-05-19T11:04:18.497Z" },
    { url = "https://files.pythonhosted.org/packages/71/8e/2bc836437f4b84d62efc1faddce0d4e023a5d990bbddd3c78b2004ebc246/shapely-2.1.1-cp313-cp313-macosx_10_13_x86_64.whl", hash = "sha256:3004a644d9e89e26c20286d5fdc10f41b1744c48ce910bd1867fdff963fe6c48", size = 1832107, upload-time = "2025-05-19T11:04:19.736Z" },
    { url = "https://files.pythonhosted.org/packages/12/a2/12c7cae5b62d5d851c2db836eadd0986f63918a91976495861f7c492f4a9/shapely-2.1.1-cp313-cp313-macosx_11_0_arm64.whl", hash = "sha256:1415146fa12d80a47d13cfad5310b3c8b9c2aa8c14a0c845c9d3d75e77cb54f6", size = 1642355, upload-time = "2025-05-19T11:04:21.035Z" },
    { url = "https://files.pythonhosted.org/packages/5b/7e/6d28b43d53fea56de69c744e34c2b999ed4042f7a811dc1bceb876071c95/shapely-2.1.1-cp313-cp313-manylinux_2_17_aarch64.manylinux2014_aarch64.whl", hash = "sha256:21fcab88b7520820ec16d09d6bea68652ca13993c84dffc6129dc3607c95594c", size = 2968871, upload-time = "2025-05-19T11:04:22.167Z" },
    { url = "https://files.pythonhosted.org/packages/dd/87/1017c31e52370b2b79e4d29e07cbb590ab9e5e58cf7e2bdfe363765d6251/shapely-2.1.1-cp313-cp313-manylinux_2_17_x86_64.manylinux2014_x86_64.whl", hash = "sha256:e5ce6a5cc52c974b291237a96c08c5592e50f066871704fb5b12be2639d9026a", size = 3080830, upload-time = "2025-05-19T11:04:23.997Z" },
    { url = "https://files.pythonhosted.org/packages/1d/fe/f4a03d81abd96a6ce31c49cd8aaba970eaaa98e191bd1e4d43041e57ae5a/shapely-2.1.1-cp313-cp313-musllinux_1_2_aarch64.whl", hash = "sha256:04e4c12a45a1d70aeb266618d8cf81a2de9c4df511b63e105b90bfdfb52146de", size = 3908961, upload-time = "2025-05-19T11:04:25.702Z" },
    { url = "https://files.pythonhosted.org/packages/ef/59/7605289a95a6844056a2017ab36d9b0cb9d6a3c3b5317c1f968c193031c9/shapely-2.1.1-cp313-cp313-musllinux_1_2_x86_64.whl", hash = "sha256:6ca74d851ca5264aae16c2b47e96735579686cb69fa93c4078070a0ec845b8d8", size = 4079623, upload-time = "2025-05-19T11:04:27.171Z" },
    { url = "https://files.pythonhosted.org/packages/bc/4d/9fea036eff2ef4059d30247128b2d67aaa5f0b25e9fc27e1d15cc1b84704/shapely-2.1.1-cp313-cp313-win32.whl", hash = "sha256:fd9130501bf42ffb7e0695b9ea17a27ae8ce68d50b56b6941c7f9b3d3453bc52", size = 1521916, upload-time = "2025-05-19T11:04:28.405Z" },
    { url = "https://files.pythonhosted.org/packages/12/d9/6d13b8957a17c95794f0c4dfb65ecd0957e6c7131a56ce18d135c1107a52/shapely-2.1.1-cp313-cp313-win_amd64.whl", hash = "sha256:ab8d878687b438a2f4c138ed1a80941c6ab0029e0f4c785ecfe114413b498a97", size = 1702746, upload-time = "2025-05-19T11:04:29.643Z" },
    { url = "https://files.pythonhosted.org/packages/60/36/b1452e3e7f35f5f6454d96f3be6e2bb87082720ff6c9437ecc215fa79be0/shapely-2.1.1-cp313-cp313t-macosx_10_13_x86_64.whl", hash = "sha256:0c062384316a47f776305ed2fa22182717508ffdeb4a56d0ff4087a77b2a0f6d", size = 1833482, upload-time = "2025-05-19T11:04:30.852Z" },
    { url = "https://files.pythonhosted.org/packages/ce/ca/8e6f59be0718893eb3e478141285796a923636dc8f086f83e5b0ec0036d0/shapely-2.1.1-cp313-cp313t-macosx_11_0_arm64.whl", hash = "sha256:4ecf6c196b896e8f1360cc219ed4eee1c1e5f5883e505d449f263bd053fb8c05", size = 1642256, upload-time = "2025-05-19T11:04:32.068Z" },
    { url = "https://files.pythonhosted.org/packages/ab/78/0053aea449bb1d4503999525fec6232f049abcdc8df60d290416110de943/shapely-2.1.1-cp313-cp313t-manylinux_2_17_aarch64.manylinux2014_aarch64.whl", hash = "sha256:fb00070b4c4860f6743c600285109c273cca5241e970ad56bb87bef0be1ea3a0", size = 3016614, upload-time = "2025-05-19T11:04:33.7Z" },
    { url = "https://files.pythonhosted.org/packages/ee/53/36f1b1de1dfafd1b457dcbafa785b298ce1b8a3e7026b79619e708a245d5/shapely-2.1.1-cp313-cp313t-manylinux_2_17_x86_64.manylinux2014_x86_64.whl", hash = "sha256:d14a9afa5fa980fbe7bf63706fdfb8ff588f638f145a1d9dbc18374b5b7de913", size = 3093542, upload-time = "2025-05-19T11:04:34.952Z" },
    { url = "https://files.pythonhosted.org/packages/b9/bf/0619f37ceec6b924d84427c88835b61f27f43560239936ff88915c37da19/shapely-2.1.1-cp313-cp313t-musllinux_1_2_aarch64.whl", hash = "sha256:b640e390dabde790e3fb947198b466e63223e0a9ccd787da5f07bcb14756c28d", size = 3945961, upload-time = "2025-05-19T11:04:36.32Z" },
    { url = "https://files.pythonhosted.org/packages/93/c9/20ca4afeb572763b07a7997f00854cb9499df6af85929e93012b189d8917/shapely-2.1.1-cp313-cp313t-musllinux_1_2_x86_64.whl", hash = "sha256:69e08bf9697c1b73ec6aa70437db922bafcea7baca131c90c26d59491a9760f9", size = 4089514, upload-time = "2025-05-19T11:04:37.683Z" },
    { url = "https://files.pythonhosted.org/packages/33/6a/27036a5a560b80012a544366bceafd491e8abb94a8db14047b5346b5a749/shapely-2.1.1-cp313-cp313t-win32.whl", hash = "sha256:ef2d09d5a964cc90c2c18b03566cf918a61c248596998a0301d5b632beadb9db", size = 1540607, upload-time = "2025-05-19T11:04:38.925Z" },
    { url = "https://files.pythonhosted.org/packages/ea/f1/5e9b3ba5c7aa7ebfaf269657e728067d16a7c99401c7973ddf5f0cf121bd/shapely-2.1.1-cp313-cp313t-win_amd64.whl", hash = "sha256:8cb8f17c377260452e9d7720eeaf59082c5f8ea48cf104524d953e5d36d4bdb7", size = 1723061, upload-time = "2025-05-19T11:04:40.082Z" },
]
